// !$*UTF8*$!
{
	archiveVersion = 1;
	classes = {
	};
	objectVersion = 55;
	objects = {

/* Begin PBXBuildFile section */
		D589D086274480200064BDE7 /* FinanzasPersonalesApp.swift in Sources */ = {isa = PBXBuildFile; fileRef = D589D085274480200064BDE7 /* FinanzasPersonalesApp.swift */; };
		D589D088274480200064BDE7 /* ContentView.swift in Sources */ = {isa = PBXBuildFile; fileRef = D589D087274480200064BDE7 /* ContentView.swift */; };
		D589D08A274480250064BDE7 /* Assets.xcassets in Resources */ = {isa = PBXBuildFile; fileRef = D589D089274480250064BDE7 /* Assets.xcassets */; };
		D589D08D274480250064BDE7 /* Preview Assets.xcassets in Resources */ = {isa = PBXBuildFile; fileRef = D589D08C274480250064BDE7 /* Preview Assets.xcassets */; };
		D589D08F274480250064BDE7 /* Persistence.swift in Sources */ = {isa = PBXBuildFile; fileRef = D589D08E274480250064BDE7 /* Persistence.swift */; };
		D589D092274480250064BDE7 /* FinanzasPersonales.xcdatamodeld in Sources */ = {isa = PBXBuildFile; fileRef = D589D090274480250064BDE7 /* FinanzasPersonales.xcdatamodeld */; };
		D589D09C274480260064BDE7 /* FinanzasPersonalesTests.swift in Sources */ = {isa = PBXBuildFile; fileRef = D589D09B274480260064BDE7 /* FinanzasPersonalesTests.swift */; };
		D589D0A6274480260064BDE7 /* FinanzasPersonalesUITests.swift in Sources */ = {isa = PBXBuildFile; fileRef = D589D0A5274480260064BDE7 /* FinanzasPersonalesUITests.swift */; };
		D589D0A8274480260064BDE7 /* FinanzasPersonalesUITestsLaunchTests.swift in Sources */ = {isa = PBXBuildFile; fileRef = D589D0A7274480260064BDE7 /* FinanzasPersonalesUITestsLaunchTests.swift */; };
		D589D0B5274480BE0064BDE7 /* Prueba.swift in Sources */ = {isa = PBXBuildFile; fileRef = D589D0B4274480BE0064BDE7 /* Prueba.swift */; };
/* End PBXBuildFile section */

/* Begin PBXContainerItemProxy section */
		D589D098274480260064BDE7 /* PBXContainerItemProxy */ = {
			isa = PBXContainerItemProxy;
			containerPortal = D589D07A274480200064BDE7 /* Project object */;
			proxyType = 1;
			remoteGlobalIDString = D589D081274480200064BDE7;
			remoteInfo = FinanzasPersonales;
		};
		D589D0A2274480260064BDE7 /* PBXContainerItemProxy */ = {
			isa = PBXContainerItemProxy;
			containerPortal = D589D07A274480200064BDE7 /* Project object */;
			proxyType = 1;
			remoteGlobalIDString = D589D081274480200064BDE7;
			remoteInfo = FinanzasPersonales;
		};
/* End PBXContainerItemProxy section */

/* Begin PBXFileReference section */
		D589D082274480200064BDE7 /* FinanzasPersonales.app */ = {isa = PBXFileReference; explicitFileType = wrapper.application; includeInIndex = 0; path = FinanzasPersonales.app; sourceTree = BUILT_PRODUCTS_DIR; };
		D589D085274480200064BDE7 /* FinanzasPersonalesApp.swift */ = {isa = PBXFileReference; lastKnownFileType = sourcecode.swift; path = FinanzasPersonalesApp.swift; sourceTree = "<group>"; };
		D589D087274480200064BDE7 /* ContentView.swift */ = {isa = PBXFileReference; lastKnownFileType = sourcecode.swift; path = ContentView.swift; sourceTree = "<group>"; };
		D589D089274480250064BDE7 /* Assets.xcassets */ = {isa = PBXFileReference; lastKnownFileType = folder.assetcatalog; path = Assets.xcassets; sourceTree = "<group>"; };
		D589D08C274480250064BDE7 /* Preview Assets.xcassets */ = {isa = PBXFileReference; lastKnownFileType = folder.assetcatalog; path = "Preview Assets.xcassets"; sourceTree = "<group>"; };
		D589D08E274480250064BDE7 /* Persistence.swift */ = {isa = PBXFileReference; lastKnownFileType = sourcecode.swift; path = Persistence.swift; sourceTree = "<group>"; };
		D589D091274480250064BDE7 /* FinanzasPersonales.xcdatamodel */ = {isa = PBXFileReference; lastKnownFileType = wrapper.xcdatamodel; path = FinanzasPersonales.xcdatamodel; sourceTree = "<group>"; };
		D589D097274480260064BDE7 /* FinanzasPersonalesTests.xctest */ = {isa = PBXFileReference; explicitFileType = wrapper.cfbundle; includeInIndex = 0; path = FinanzasPersonalesTests.xctest; sourceTree = BUILT_PRODUCTS_DIR; };
		D589D09B274480260064BDE7 /* FinanzasPersonalesTests.swift */ = {isa = PBXFileReference; lastKnownFileType = sourcecode.swift; path = FinanzasPersonalesTests.swift; sourceTree = "<group>"; };
		D589D0A1274480260064BDE7 /* FinanzasPersonalesUITests.xctest */ = {isa = PBXFileReference; explicitFileType = wrapper.cfbundle; includeInIndex = 0; path = FinanzasPersonalesUITests.xctest; sourceTree = BUILT_PRODUCTS_DIR; };
		D589D0A5274480260064BDE7 /* FinanzasPersonalesUITests.swift */ = {isa = PBXFileReference; lastKnownFileType = sourcecode.swift; path = FinanzasPersonalesUITests.swift; sourceTree = "<group>"; };
		D589D0A7274480260064BDE7 /* FinanzasPersonalesUITestsLaunchTests.swift */ = {isa = PBXFileReference; lastKnownFileType = sourcecode.swift; path = FinanzasPersonalesUITestsLaunchTests.swift; sourceTree = "<group>"; };
		D589D0B4274480BE0064BDE7 /* Prueba.swift */ = {isa = PBXFileReference; lastKnownFileType = sourcecode.swift; path = Prueba.swift; sourceTree = "<group>"; };
/* End PBXFileReference section */

/* Begin PBXFrameworksBuildPhase section */
		D589D07F274480200064BDE7 /* Frameworks */ = {
			isa = PBXFrameworksBuildPhase;
			buildActionMask = 2147483647;
			files = (
			);
			runOnlyForDeploymentPostprocessing = 0;
		};
		D589D094274480260064BDE7 /* Frameworks */ = {
			isa = PBXFrameworksBuildPhase;
			buildActionMask = 2147483647;
			files = (
			);
			runOnlyForDeploymentPostprocessing = 0;
		};
		D589D09E274480260064BDE7 /* Frameworks */ = {
			isa = PBXFrameworksBuildPhase;
			buildActionMask = 2147483647;
			files = (
			);
			runOnlyForDeploymentPostprocessing = 0;
		};
/* End PBXFrameworksBuildPhase section */

/* Begin PBXGroup section */
		D589D079274480200064BDE7 = {
			isa = PBXGroup;
			children = (
				D589D084274480200064BDE7 /* FinanzasPersonales */,
				D589D09A274480260064BDE7 /* FinanzasPersonalesTests */,
				D589D0A4274480260064BDE7 /* FinanzasPersonalesUITests */,
				D589D083274480200064BDE7 /* Products */,
			);
			sourceTree = "<group>";
		};
		D589D083274480200064BDE7 /* Products */ = {
			isa = PBXGroup;
			children = (
				D589D082274480200064BDE7 /* FinanzasPersonales.app */,
				D589D097274480260064BDE7 /* FinanzasPersonalesTests.xctest */,
				D589D0A1274480260064BDE7 /* FinanzasPersonalesUITests.xctest */,
			);
			name = Products;
			sourceTree = "<group>";
		};
		D589D084274480200064BDE7 /* FinanzasPersonales */ = {
			isa = PBXGroup;
			children = (
				D589D085274480200064BDE7 /* FinanzasPersonalesApp.swift */,
				D589D087274480200064BDE7 /* ContentView.swift */,
				D589D089274480250064BDE7 /* Assets.xcassets */,
				D589D08E274480250064BDE7 /* Persistence.swift */,
				D589D090274480250064BDE7 /* FinanzasPersonales.xcdatamodeld */,
				D589D08B274480250064BDE7 /* Preview Content */,
				D589D0B4274480BE0064BDE7 /* Prueba.swift */,
			);
			path = FinanzasPersonales;
			sourceTree = "<group>";
		};
		D589D08B274480250064BDE7 /* Preview Content */ = {
			isa = PBXGroup;
			children = (
				D589D08C274480250064BDE7 /* Preview Assets.xcassets */,
			);
			path = "Preview Content";
			sourceTree = "<group>";
		};
		D589D09A274480260064BDE7 /* FinanzasPersonalesTests */ = {
			isa = PBXGroup;
			children = (
				D589D09B274480260064BDE7 /* FinanzasPersonalesTests.swift */,
			);
			path = FinanzasPersonalesTests;
			sourceTree = "<group>";
		};
		D589D0A4274480260064BDE7 /* FinanzasPersonalesUITests */ = {
			isa = PBXGroup;
			children = (
				D589D0A5274480260064BDE7 /* FinanzasPersonalesUITests.swift */,
				D589D0A7274480260064BDE7 /* FinanzasPersonalesUITestsLaunchTests.swift */,
			);
			path = FinanzasPersonalesUITests;
			sourceTree = "<group>";
		};
/* End PBXGroup section */

/* Begin PBXNativeTarget section */
		D589D081274480200064BDE7 /* FinanzasPersonales */ = {
			isa = PBXNativeTarget;
			buildConfigurationList = D589D0AB274480260064BDE7 /* Build configuration list for PBXNativeTarget "FinanzasPersonales" */;
			buildPhases = (
				D589D07E274480200064BDE7 /* Sources */,
				D589D07F274480200064BDE7 /* Frameworks */,
				D589D080274480200064BDE7 /* Resources */,
			);
			buildRules = (
			);
			dependencies = (
			);
			name = FinanzasPersonales;
			productName = FinanzasPersonales;
			productReference = D589D082274480200064BDE7 /* FinanzasPersonales.app */;
			productType = "com.apple.product-type.application";
		};
		D589D096274480260064BDE7 /* FinanzasPersonalesTests */ = {
			isa = PBXNativeTarget;
			buildConfigurationList = D589D0AE274480260064BDE7 /* Build configuration list for PBXNativeTarget "FinanzasPersonalesTests" */;
			buildPhases = (
				D589D093274480260064BDE7 /* Sources */,
				D589D094274480260064BDE7 /* Frameworks */,
				D589D095274480260064BDE7 /* Resources */,
			);
			buildRules = (
			);
			dependencies = (
				D589D099274480260064BDE7 /* PBXTargetDependency */,
			);
			name = FinanzasPersonalesTests;
			productName = FinanzasPersonalesTests;
			productReference = D589D097274480260064BDE7 /* FinanzasPersonalesTests.xctest */;
			productType = "com.apple.product-type.bundle.unit-test";
		};
		D589D0A0274480260064BDE7 /* FinanzasPersonalesUITests */ = {
			isa = PBXNativeTarget;
			buildConfigurationList = D589D0B1274480260064BDE7 /* Build configuration list for PBXNativeTarget "FinanzasPersonalesUITests" */;
			buildPhases = (
				D589D09D274480260064BDE7 /* Sources */,
				D589D09E274480260064BDE7 /* Frameworks */,
				D589D09F274480260064BDE7 /* Resources */,
			);
			buildRules = (
			);
			dependencies = (
				D589D0A3274480260064BDE7 /* PBXTargetDependency */,
			);
			name = FinanzasPersonalesUITests;
			productName = FinanzasPersonalesUITests;
			productReference = D589D0A1274480260064BDE7 /* FinanzasPersonalesUITests.xctest */;
			productType = "com.apple.product-type.bundle.ui-testing";
		};
/* End PBXNativeTarget section */

/* Begin PBXProject section */
		D589D07A274480200064BDE7 /* Project object */ = {
			isa = PBXProject;
			attributes = {
				BuildIndependentTargetsInParallel = 1;
				LastSwiftUpdateCheck = 1310;
				LastUpgradeCheck = 1310;
				TargetAttributes = {
					D589D081274480200064BDE7 = {
						CreatedOnToolsVersion = 13.1;
					};
					D589D096274480260064BDE7 = {
						CreatedOnToolsVersion = 13.1;
						TestTargetID = D589D081274480200064BDE7;
					};
					D589D0A0274480260064BDE7 = {
						CreatedOnToolsVersion = 13.1;
						TestTargetID = D589D081274480200064BDE7;
					};
				};
			};
			buildConfigurationList = D589D07D274480200064BDE7 /* Build configuration list for PBXProject "FinanzasPersonales" */;
			compatibilityVersion = "Xcode 13.0";
			developmentRegion = en;
			hasScannedForEncodings = 0;
			knownRegions = (
				en,
				Base,
			);
			mainGroup = D589D079274480200064BDE7;
			productRefGroup = D589D083274480200064BDE7 /* Products */;
			projectDirPath = "";
			projectRoot = "";
			targets = (
				D589D081274480200064BDE7 /* FinanzasPersonales */,
				D589D096274480260064BDE7 /* FinanzasPersonalesTests */,
				D589D0A0274480260064BDE7 /* FinanzasPersonalesUITests */,
			);
		};
/* End PBXProject section */

/* Begin PBXResourcesBuildPhase section */
		D589D080274480200064BDE7 /* Resources */ = {
			isa = PBXResourcesBuildPhase;
			buildActionMask = 2147483647;
			files = (
				D589D08D274480250064BDE7 /* Preview Assets.xcassets in Resources */,
				D589D08A274480250064BDE7 /* Assets.xcassets in Resources */,
			);
			runOnlyForDeploymentPostprocessing = 0;
		};
		D589D095274480260064BDE7 /* Resources */ = {
			isa = PBXResourcesBuildPhase;
			buildActionMask = 2147483647;
			files = (
			);
			runOnlyForDeploymentPostprocessing = 0;
		};
		D589D09F274480260064BDE7 /* Resources */ = {
			isa = PBXResourcesBuildPhase;
			buildActionMask = 2147483647;
			files = (
			);
			runOnlyForDeploymentPostprocessing = 0;
		};
/* End PBXResourcesBuildPhase section */

/* Begin PBXSourcesBuildPhase section */
		D589D07E274480200064BDE7 /* Sources */ = {
			isa = PBXSourcesBuildPhase;
			buildActionMask = 2147483647;
			files = (
				D589D0B5274480BE0064BDE7 /* Prueba.swift in Sources */,
				D589D08F274480250064BDE7 /* Persistence.swift in Sources */,
				D589D092274480250064BDE7 /* FinanzasPersonales.xcdatamodeld in Sources */,
				D589D088274480200064BDE7 /* ContentView.swift in Sources */,
				D589D086274480200064BDE7 /* FinanzasPersonalesApp.swift in Sources */,
			);
			runOnlyForDeploymentPostprocessing = 0;
		};
		D589D093274480260064BDE7 /* Sources */ = {
			isa = PBXSourcesBuildPhase;
			buildActionMask = 2147483647;
			files = (
				D589D09C274480260064BDE7 /* FinanzasPersonalesTests.swift in Sources */,
			);
			runOnlyForDeploymentPostprocessing = 0;
		};
		D589D09D274480260064BDE7 /* Sources */ = {
			isa = PBXSourcesBuildPhase;
			buildActionMask = 2147483647;
			files = (
				D589D0A8274480260064BDE7 /* FinanzasPersonalesUITestsLaunchTests.swift in Sources */,
				D589D0A6274480260064BDE7 /* FinanzasPersonalesUITests.swift in Sources */,
			);
			runOnlyForDeploymentPostprocessing = 0;
		};
/* End PBXSourcesBuildPhase section */

/* Begin PBXTargetDependency section */
		D589D099274480260064BDE7 /* PBXTargetDependency */ = {
			isa = PBXTargetDependency;
			target = D589D081274480200064BDE7 /* FinanzasPersonales */;
			targetProxy = D589D098274480260064BDE7 /* PBXContainerItemProxy */;
		};
		D589D0A3274480260064BDE7 /* PBXTargetDependency */ = {
			isa = PBXTargetDependency;
			target = D589D081274480200064BDE7 /* FinanzasPersonales */;
			targetProxy = D589D0A2274480260064BDE7 /* PBXContainerItemProxy */;
		};
/* End PBXTargetDependency section */

/* Begin XCBuildConfiguration section */
		D589D0A9274480260064BDE7 /* Debug */ = {
			isa = XCBuildConfiguration;
			buildSettings = {
				ALWAYS_SEARCH_USER_PATHS = NO;
				CLANG_ANALYZER_NONNULL = YES;
				CLANG_ANALYZER_NUMBER_OBJECT_CONVERSION = YES_AGGRESSIVE;
				CLANG_CXX_LANGUAGE_STANDARD = "gnu++17";
				CLANG_CXX_LIBRARY = "libc++";
				CLANG_ENABLE_MODULES = YES;
				CLANG_ENABLE_OBJC_ARC = YES;
				CLANG_ENABLE_OBJC_WEAK = YES;
				CLANG_WARN_BLOCK_CAPTURE_AUTORELEASING = YES;
				CLANG_WARN_BOOL_CONVERSION = YES;
				CLANG_WARN_COMMA = YES;
				CLANG_WARN_CONSTANT_CONVERSION = YES;
				CLANG_WARN_DEPRECATED_OBJC_IMPLEMENTATIONS = YES;
				CLANG_WARN_DIRECT_OBJC_ISA_USAGE = YES_ERROR;
				CLANG_WARN_DOCUMENTATION_COMMENTS = YES;
				CLANG_WARN_EMPTY_BODY = YES;
				CLANG_WARN_ENUM_CONVERSION = YES;
				CLANG_WARN_INFINITE_RECURSION = YES;
				CLANG_WARN_INT_CONVERSION = YES;
				CLANG_WARN_NON_LITERAL_NULL_CONVERSION = YES;
				CLANG_WARN_OBJC_IMPLICIT_RETAIN_SELF = YES;
				CLANG_WARN_OBJC_LITERAL_CONVERSION = YES;
				CLANG_WARN_OBJC_ROOT_CLASS = YES_ERROR;
				CLANG_WARN_QUOTED_INCLUDE_IN_FRAMEWORK_HEADER = YES;
				CLANG_WARN_RANGE_LOOP_ANALYSIS = YES;
				CLANG_WARN_STRICT_PROTOTYPES = YES;
				CLANG_WARN_SUSPICIOUS_MOVE = YES;
				CLANG_WARN_UNGUARDED_AVAILABILITY = YES_AGGRESSIVE;
				CLANG_WARN_UNREACHABLE_CODE = YES;
				CLANG_WARN__DUPLICATE_METHOD_MATCH = YES;
				COPY_PHASE_STRIP = NO;
				DEBUG_INFORMATION_FORMAT = dwarf;
				ENABLE_STRICT_OBJC_MSGSEND = YES;
				ENABLE_TESTABILITY = YES;
				GCC_C_LANGUAGE_STANDARD = gnu11;
				GCC_DYNAMIC_NO_PIC = NO;
				GCC_NO_COMMON_BLOCKS = YES;
				GCC_OPTIMIZATION_LEVEL = 0;
				GCC_PREPROCESSOR_DEFINITIONS = (
					"DEBUG=1",
					"$(inherited)",
				);
				GCC_WARN_64_TO_32_BIT_CONVERSION = YES;
				GCC_WARN_ABOUT_RETURN_TYPE = YES_ERROR;
				GCC_WARN_UNDECLARED_SELECTOR = YES;
				GCC_WARN_UNINITIALIZED_AUTOS = YES_AGGRESSIVE;
				GCC_WARN_UNUSED_FUNCTION = YES;
				GCC_WARN_UNUSED_VARIABLE = YES;
				IPHONEOS_DEPLOYMENT_TARGET = 13.0;
				MTL_ENABLE_DEBUG_INFO = INCLUDE_SOURCE;
				MTL_FAST_MATH = YES;
				ONLY_ACTIVE_ARCH = YES;
				SDKROOT = iphoneos;
				SWIFT_ACTIVE_COMPILATION_CONDITIONS = DEBUG;
				SWIFT_OPTIMIZATION_LEVEL = "-Onone";
			};
			name = Debug;
		};
		D589D0AA274480260064BDE7 /* Release */ = {
			isa = XCBuildConfiguration;
			buildSettings = {
				ALWAYS_SEARCH_USER_PATHS = NO;
				CLANG_ANALYZER_NONNULL = YES;
				CLANG_ANALYZER_NUMBER_OBJECT_CONVERSION = YES_AGGRESSIVE;
				CLANG_CXX_LANGUAGE_STANDARD = "gnu++17";
				CLANG_CXX_LIBRARY = "libc++";
				CLANG_ENABLE_MODULES = YES;
				CLANG_ENABLE_OBJC_ARC = YES;
				CLANG_ENABLE_OBJC_WEAK = YES;
				CLANG_WARN_BLOCK_CAPTURE_AUTORELEASING = YES;
				CLANG_WARN_BOOL_CONVERSION = YES;
				CLANG_WARN_COMMA = YES;
				CLANG_WARN_CONSTANT_CONVERSION = YES;
				CLANG_WARN_DEPRECATED_OBJC_IMPLEMENTATIONS = YES;
				CLANG_WARN_DIRECT_OBJC_ISA_USAGE = YES_ERROR;
				CLANG_WARN_DOCUMENTATION_COMMENTS = YES;
				CLANG_WARN_EMPTY_BODY = YES;
				CLANG_WARN_ENUM_CONVERSION = YES;
				CLANG_WARN_INFINITE_RECURSION = YES;
				CLANG_WARN_INT_CONVERSION = YES;
				CLANG_WARN_NON_LITERAL_NULL_CONVERSION = YES;
				CLANG_WARN_OBJC_IMPLICIT_RETAIN_SELF = YES;
				CLANG_WARN_OBJC_LITERAL_CONVERSION = YES;
				CLANG_WARN_OBJC_ROOT_CLASS = YES_ERROR;
				CLANG_WARN_QUOTED_INCLUDE_IN_FRAMEWORK_HEADER = YES;
				CLANG_WARN_RANGE_LOOP_ANALYSIS = YES;
				CLANG_WARN_STRICT_PROTOTYPES = YES;
				CLANG_WARN_SUSPICIOUS_MOVE = YES;
				CLANG_WARN_UNGUARDED_AVAILABILITY = YES_AGGRESSIVE;
				CLANG_WARN_UNREACHABLE_CODE = YES;
				CLANG_WARN__DUPLICATE_METHOD_MATCH = YES;
				COPY_PHASE_STRIP = NO;
				DEBUG_INFORMATION_FORMAT = "dwarf-with-dsym";
				ENABLE_NS_ASSERTIONS = NO;
				ENABLE_STRICT_OBJC_MSGSEND = YES;
				GCC_C_LANGUAGE_STANDARD = gnu11;
				GCC_NO_COMMON_BLOCKS = YES;
				GCC_WARN_64_TO_32_BIT_CONVERSION = YES;
				GCC_WARN_ABOUT_RETURN_TYPE = YES_ERROR;
				GCC_WARN_UNDECLARED_SELECTOR = YES;
				GCC_WARN_UNINITIALIZED_AUTOS = YES_AGGRESSIVE;
				GCC_WARN_UNUSED_FUNCTION = YES;
				GCC_WARN_UNUSED_VARIABLE = YES;
				IPHONEOS_DEPLOYMENT_TARGET = 13.0;
				MTL_ENABLE_DEBUG_INFO = NO;
				MTL_FAST_MATH = YES;
				SDKROOT = iphoneos;
				SWIFT_COMPILATION_MODE = wholemodule;
				SWIFT_OPTIMIZATION_LEVEL = "-O";
				VALIDATE_PRODUCT = YES;
			};
			name = Release;
		};
		D589D0AC274480260064BDE7 /* Debug */ = {
			isa = XCBuildConfiguration;
			buildSettings = {
				ASSETCATALOG_COMPILER_APPICON_NAME = AppIcon;
				ASSETCATALOG_COMPILER_GLOBAL_ACCENT_COLOR_NAME = AccentColor;
				CODE_SIGN_STYLE = Automatic;
				CURRENT_PROJECT_VERSION = 1;
				DEVELOPMENT_ASSET_PATHS = "\"FinanzasPersonales/Preview Content\"";
				DEVELOPMENT_TEAM = TBUC479BJG;
				ENABLE_PREVIEWS = YES;
				GENERATE_INFOPLIST_FILE = YES;
				INFOPLIST_KEY_UIApplicationSceneManifest_Generation = YES;
				INFOPLIST_KEY_UIApplicationSupportsIndirectInputEvents = YES;
				INFOPLIST_KEY_UILaunchScreen_Generation = YES;
				INFOPLIST_KEY_UISupportedInterfaceOrientations_iPad = "UIInterfaceOrientationPortrait UIInterfaceOrientationPortraitUpsideDown UIInterfaceOrientationLandscapeLeft UIInterfaceOrientationLandscapeRight";
				INFOPLIST_KEY_UISupportedInterfaceOrientations_iPhone = "UIInterfaceOrientationPortrait UIInterfaceOrientationLandscapeLeft UIInterfaceOrientationLandscapeRight";
				LD_RUNPATH_SEARCH_PATHS = (
					"$(inherited)",
					"@executable_path/Frameworks",
				);
				MARKETING_VERSION = 1.0;
				PRODUCT_BUNDLE_IDENTIFIER = entreprise.3g.FinanzasPersonales;
				PRODUCT_NAME = "$(TARGET_NAME)";
				SWIFT_EMIT_LOC_STRINGS = YES;
				SWIFT_VERSION = 5.0;
				TARGETED_DEVICE_FAMILY = "1,2";
			};
			name = Debug;
		};
		D589D0AD274480260064BDE7 /* Release */ = {
			isa = XCBuildConfiguration;
			buildSettings = {
				ASSETCATALOG_COMPILER_APPICON_NAME = AppIcon;
				ASSETCATALOG_COMPILER_GLOBAL_ACCENT_COLOR_NAME = AccentColor;
				CODE_SIGN_STYLE = Automatic;
				CURRENT_PROJECT_VERSION = 1;
				DEVELOPMENT_ASSET_PATHS = "\"FinanzasPersonales/Preview Content\"";
				DEVELOPMENT_TEAM = TBUC479BJG;
				ENABLE_PREVIEWS = YES;
				GENERATE_INFOPLIST_FILE = YES;
				INFOPLIST_KEY_UIApplicationSceneManifest_Generation = YES;
				INFOPLIST_KEY_UIApplicationSupportsIndirectInputEvents = YES;
				INFOPLIST_KEY_UILaunchScreen_Generation = YES;
				INFOPLIST_KEY_UISupportedInterfaceOrientations_iPad = "UIInterfaceOrientationPortrait UIInterfaceOrientationPortraitUpsideDown UIInterfaceOrientationLandscapeLeft UIInterfaceOrientationLandscapeRight";
				INFOPLIST_KEY_UISupportedInterfaceOrientations_iPhone = "UIInterfaceOrientationPortrait UIInterfaceOrientationLandscapeLeft UIInterfaceOrientationLandscapeRight";
				LD_RUNPATH_SEARCH_PATHS = (
					"$(inherited)",
					"@executable_path/Frameworks",
				);
				MARKETING_VERSION = 1.0;
				PRODUCT_BUNDLE_IDENTIFIER = entreprise.3g.FinanzasPersonales;
				PRODUCT_NAME = "$(TARGET_NAME)";
				SWIFT_EMIT_LOC_STRINGS = YES;
				SWIFT_VERSION = 5.0;
				TARGETED_DEVICE_FAMILY = "1,2";
			};
			name = Release;
		};
		D589D0AF274480260064BDE7 /* Debug */ = {
			isa = XCBuildConfiguration;
			buildSettings = {
				ALWAYS_EMBED_SWIFT_STANDARD_LIBRARIES = YES;
				BUNDLE_LOADER = "$(TEST_HOST)";
				CODE_SIGN_STYLE = Automatic;
				CURRENT_PROJECT_VERSION = 1;
				DEVELOPMENT_TEAM = TBUC479BJG;
				GENERATE_INFOPLIST_FILE = YES;
				IPHONEOS_DEPLOYMENT_TARGET = 15.0;
				LD_RUNPATH_SEARCH_PATHS = (
					"$(inherited)",
					"@executable_path/Frameworks",
					"@loader_path/Frameworks",
				);
				MARKETING_VERSION = 1.0;
				PRODUCT_BUNDLE_IDENTIFIER = entreprise.3g.FinanzasPersonalesTests;
				PRODUCT_NAME = "$(TARGET_NAME)";
				SWIFT_EMIT_LOC_STRINGS = NO;
				SWIFT_VERSION = 5.0;
				TARGETED_DEVICE_FAMILY = "1,2";
				TEST_HOST = "$(BUILT_PRODUCTS_DIR)/FinanzasPersonales.app/FinanzasPersonales";
			};
			name = Debug;
		};
		D589D0B0274480260064BDE7 /* Release */ = {
			isa = XCBuildConfiguration;
			buildSettings = {
				ALWAYS_EMBED_SWIFT_STANDARD_LIBRARIES = YES;
				BUNDLE_LOADER = "$(TEST_HOST)";
				CODE_SIGN_STYLE = Automatic;
				CURRENT_PROJECT_VERSION = 1;
				DEVELOPMENT_TEAM = TBUC479BJG;
				GENERATE_INFOPLIST_FILE = YES;
				IPHONEOS_DEPLOYMENT_TARGET = 15.0;
				LD_RUNPATH_SEARCH_PATHS = (
					"$(inherited)",
					"@executable_path/Frameworks",
					"@loader_path/Frameworks",
				);
				MARKETING_VERSION = 1.0;
				PRODUCT_BUNDLE_IDENTIFIER = entreprise.3g.FinanzasPersonalesTests;
				PRODUCT_NAME = "$(TARGET_NAME)";
				SWIFT_EMIT_LOC_STRINGS = NO;
				SWIFT_VERSION = 5.0;
				TARGETED_DEVICE_FAMILY = "1,2";
				TEST_HOST = "$(BUILT_PRODUCTS_DIR)/FinanzasPersonales.app/FinanzasPersonales";
			};
			name = Release;
		};
		D589D0B2274480260064BDE7 /* Debug */ = {
			isa = XCBuildConfiguration;
			buildSettings = {
				ALWAYS_EMBED_SWIFT_STANDARD_LIBRARIES = YES;
				CODE_SIGN_STYLE = Automatic;
				CURRENT_PROJECT_VERSION = 1;
				DEVELOPMENT_TEAM = TBUC479BJG;
				GENERATE_INFOPLIST_FILE = YES;
				LD_RUNPATH_SEARCH_PATHS = (
					"$(inherited)",
					"@executable_path/Frameworks",
					"@loader_path/Frameworks",
				);
				MARKETING_VERSION = 1.0;
				PRODUCT_BUNDLE_IDENTIFIER = entreprise.3g.FinanzasPersonalesUITests;
				PRODUCT_NAME = "$(TARGET_NAME)";
				SWIFT_EMIT_LOC_STRINGS = NO;
				SWIFT_VERSION = 5.0;
				TARGETED_DEVICE_FAMILY = "1,2";
				TEST_TARGET_NAME = FinanzasPersonales;
			};
			name = Debug;
		};
		D589D0B3274480260064BDE7 /* Release */ = {
			isa = XCBuildConfiguration;
			buildSettings = {
				ALWAYS_EMBED_SWIFT_STANDARD_LIBRARIES = YES;
				CODE_SIGN_STYLE = Automatic;
				CURRENT_PROJECT_VERSION = 1;
				DEVELOPMENT_TEAM = TBUC479BJG;
				GENERATE_INFOPLIST_FILE = YES;
				LD_RUNPATH_SEARCH_PATHS = (
					"$(inherited)",
					"@executable_path/Frameworks",
					"@loader_path/Frameworks",
				);
				MARKETING_VERSION = 1.0;
				PRODUCT_BUNDLE_IDENTIFIER = entreprise.3g.FinanzasPersonalesUITests;
				PRODUCT_NAME = "$(TARGET_NAME)";
				SWIFT_EMIT_LOC_STRINGS = NO;
				SWIFT_VERSION = 5.0;
				TARGETED_DEVICE_FAMILY = "1,2";
				TEST_TARGET_NAME = FinanzasPersonales;
			};
			name = Release;
		};
/* End XCBuildConfiguration section */

/* Begin XCConfigurationList section */
		D589D07D274480200064BDE7 /* Build configuration list for PBXProject "FinanzasPersonales" */ = {
			isa = XCConfigurationList;
			buildConfigurations = (
				D589D0A9274480260064BDE7 /* Debug */,
				D589D0AA274480260064BDE7 /* Release */,
			);
			defaultConfigurationIsVisible = 0;
			defaultConfigurationName = Release;
		};
		D589D0AB274480260064BDE7 /* Build configuration list for PBXNativeTarget "FinanzasPersonales" */ = {
			isa = XCConfigurationList;
			buildConfigurations = (
				D589D0AC274480260064BDE7 /* Debug */,
				D589D0AD274480260064BDE7 /* Release */,
			);
			defaultConfigurationIsVisible = 0;
			defaultConfigurationName = Release;
		};
		D589D0AE274480260064BDE7 /* Build configuration list for PBXNativeTarget "FinanzasPersonalesTests" */ = {
			isa = XCConfigurationList;
			buildConfigurations = (
				D589D0AF274480260064BDE7 /* Debug */,
				D589D0B0274480260064BDE7 /* Release */,
			);
			defaultConfigurationIsVisible = 0;
			defaultConfigurationName = Release;
		};
		D589D0B1274480260064BDE7 /* Build configuration list for PBXNativeTarget "FinanzasPersonalesUITests" */ = {
			isa = XCConfigurationList;
			buildConfigurations = (
				D589D0B2274480260064BDE7 /* Debug */,
				D589D0B3274480260064BDE7 /* Release */,
			);
			defaultConfigurationIsVisible = 0;
			defaultConfigurationName = Release;
		};
/* End XCConfigurationList section */

/* Begin XCVersionGroup section */
		D589D090274480250064BDE7 /* FinanzasPersonales.xcdatamodeld */ = {
			isa = XCVersionGroup;
			children = (
				D589D091274480250064BDE7 /* FinanzasPersonales.xcdatamodel */,
			);
			currentVersion = D589D091274480250064BDE7 /* FinanzasPersonales.xcdatamodel */;
			path = FinanzasPersonales.xcdatamodeld;
			sourceTree = "<group>";
			versionGroupType = wrapper.xcdatamodel;
		};
/* End XCVersionGroup section */
	};
	rootObject = D589D07A274480200064BDE7 /* Project object */;
}
